
Microsoft Visual Studio Solution File, Format Version 12.00
# Visual Studio Version 16
VisualStudioVersion = 16.0.31410.357
MinimumVisualStudioVersion = 10.0.40219.1
Project("{8BC9CEB8-8B4A-11D0-8D11-00A0C91BC942}") = "YTwxWidgets", "YTwxWidgets\YTwxWidgets.vcxproj", "{C5C693F1-5230-440D-8C19-4DD9748569EF}"
EndProject
Global
	GlobalSection(SolutionConfigurationPlatforms) = preSolution
		Debug|x64 = Debug|x64
		Debug|x86 = Debug|x86
		Release|x64 = Release|x64
		Release|x86 = Release|x86
	EndGlobalSection
	GlobalSection(ProjectConfigurationPlatforms) = postSolution
		{C5C693F1-5230-440D-8C19-4DD9748569EF}.Debug|x64.ActiveCfg = Debug|x64
		{C5C693F1-5230-440D-8C19-4DD9748569EF}.Debug|x64.Build.0 = Debug|x64
		{C5C693F1-5230-440D-8C19-4DD9748569EF}.Debug|x86.ActiveCfg = Debug|Win32
		{C5C693F1-5230-440D-8C19-4DD9748569EF}.Debug|x86.Build.0 = Debug|Win32
		{C5C693F1-5230-440D-8C19-4DD9748569EF}.Release|x64.ActiveCfg = Release|x64
		{C5C693F1-5230-440D-8C19-4DD9748569EF}.Release|x64.Build.0 = Release|x64
		{C5C693F1-5230-440D-8C19-4DD9748569EF}.Release|x86.ActiveCfg = Release|Win32
		{C5C693F1-5230-440D-8C19-4DD9748569EF}.Release|x86.Build.0 = Release|Win32
	EndGlobalSection
	GlobalSection(SolutionProperties) = preSolution
		HideSolutionNode = FALSE
	EndGlobalSection
	GlobalSection(ExtensibilityGlobals) = postSolution
		SolutionGuid = {39E2C86F-E899-4241-9A1B-C6611A8ED1A6}
	EndGlobalSection
EndGlobal
